
Microsoft Visual Studio Solution File, Format Version 12.00
# Visual Studio Version 17
VisualStudioVersion = 17.1.32228.430
MinimumVisualStudioVersion = 10.0.40219.1
Project("{9A19103F-16F7-4668-BE54-9A1E7A4F7556}") = "AppendBenchmark", "AppendBenchmark\AppendBenchmark.csproj", "{78EA21C8-C901-44BA-A6B4-D6D98EC22E55}"
EndProject
Project("{9A19103F-16F7-4668-BE54-9A1E7A4F7556}") = "SQLConnectionBenchmark", "SQLConnectionBenchmark\SQLConnectionBenchmark.csproj", "{E6532678-1273-461D-8705-ADB66D9656A4}"
EndProject
Project("{2150E333-8FDC-42A3-9474-1A3956D46DE8}") = ".SolutionItems", ".SolutionItems", "{F4301033-3F75-44DE-B47D-EC3356184BF1}"
	ProjectSection(SolutionItems) = preProject
		.editorconfig = .editorconfig
		Directory.Build.props = Directory.Build.props
	EndProjectSection
EndProject
Project("{9A19103F-16F7-4668-BE54-9A1E7A4F7556}") = "ReplaceBenchmark", "ReplaceBenchmark\ReplaceBenchmark.csproj", "{DF11FC57-7635-42F7-BD80-0BCD9D5C760C}"
EndProject
Project("{9A19103F-16F7-4668-BE54-9A1E7A4F7556}") = "TupleBenchmark", "TupleBenchmark\TupleBenchmark.csproj", "{6FE03A2A-BFA1-4B8A-A7E7-A0908B2172FD}"
EndProject
Project("{9A19103F-16F7-4668-BE54-9A1E7A4F7556}") = "LinqBenchmark", "LinqBenchmark\LinqBenchmark.csproj", "{B883C2E4-28D0-4AA4-8D07-1A44958766C1}"
EndProject
Project("{9A19103F-16F7-4668-BE54-9A1E7A4F7556}") = "CsvBenchmark", "CsvBenchmark\CsvBenchmark.csproj", "{CA25F70F-6704-4348-A543-93B01277FAEB}"
EndProject
Project("{9A19103F-16F7-4668-BE54-9A1E7A4F7556}") = "ForBenchmark", "ForBenchmark\ForBenchmark.csproj", "{F4E11C78-D407-40C7-91E5-8660AE8984D6}"
EndProject
Project("{2150E333-8FDC-42A3-9474-1A3956D46DE8}") = ".github", ".github", "{D109ED8C-6435-4AEE-AC21-76307D35FFB7}"
	ProjectSection(SolutionItems) = preProject
		.github\dependabot.yml = .github\dependabot.yml
	EndProjectSection
EndProject
Project("{2150E333-8FDC-42A3-9474-1A3956D46DE8}") = "workflows", "workflows", "{FD266A31-717B-443F-AB74-83CA0A3D2C3A}"
	ProjectSection(SolutionItems) = preProject
		.github\workflows\ci.yml = .github\workflows\ci.yml
	EndProjectSection
EndProject
Project("{9A19103F-16F7-4668-BE54-9A1E7A4F7556}") = "ParallelBenchmark", "ParallelBenchmark\ParallelBenchmark.csproj", "{FAFE97CD-08AB-4924-BE63-109C53824896}"
EndProject
Project("{9A19103F-16F7-4668-BE54-9A1E7A4F7556}") = "RailFenceCipherBenchmark", "RailFenceCipherBenchmark\RailFenceCipherBenchmark.csproj", "{AF32AFF6-383C-4056-9640-6F9F372E56AA}"
EndProject
Project("{9A19103F-16F7-4668-BE54-9A1E7A4F7556}") = "HttpClientBenchmark", "HttpClientBenchmark\HttpClientBenchmark.csproj", "{E2E54705-CAB0-4529-8017-69C8B1F3CADF}"
EndProject
Project("{9A19103F-16F7-4668-BE54-9A1E7A4F7556}") = "SealedBenchmark", "SealedBenchmark\SealedBenchmark.csproj", "{42A3E888-5840-4947-BD1D-4ED291DA168F}"
EndProject
Project("{2150E333-8FDC-42A3-9474-1A3956D46DE8}") = ".docker", ".docker", "{0BDEC6B5-5C30-41C8-A291-522E38BCA65B}"
	ProjectSection(SolutionItems) = preProject
		.docker\.env = .docker\.env
		.docker\build-docker-compose-localhost.md = .docker\build-docker-compose-localhost.md
		.docker\docker-compose.yml = .docker\docker-compose.yml
	EndProjectSection
EndProject
Project("{9A19103F-16F7-4668-BE54-9A1E7A4F7556}") = "LoggingBenchmark", "LoggingBenchmark\LoggingBenchmark.csproj", "{80738777-18FF-43B7-BD90-7A78F3BEB440}"
EndProject
Project("{9A19103F-16F7-4668-BE54-9A1E7A4F7556}") = "ListBenchmark", "ListBenchmark\ListBenchmark.csproj", "{B22FAC6B-802C-4A77-9F36-F6F97EB885DB}"
EndProject
Project("{9A19103F-16F7-4668-BE54-9A1E7A4F7556}") = "DictionaryBenchmark", "DictionaryBenchmark\DictionaryBenchmark.csproj", "{347C6306-49E1-4B61-8E79-30F9DED24D19}"
EndProject
Project("{9A19103F-16F7-4668-BE54-9A1E7A4F7556}") = "HttpRequestBodyBenchmark", "HttpRequestBodyBenchmark\HttpRequestBodyBenchmark.csproj", "{7E7F6836-1ECC-4FB7-879C-3108810E1134}"
EndProject
Global
	GlobalSection(SolutionConfigurationPlatforms) = preSolution
		Debug|Any CPU = Debug|Any CPU
		Release|Any CPU = Release|Any CPU
	EndGlobalSection
	GlobalSection(ProjectConfigurationPlatforms) = postSolution
		{78EA21C8-C901-44BA-A6B4-D6D98EC22E55}.Debug|Any CPU.ActiveCfg = Debug|Any CPU
		{78EA21C8-C901-44BA-A6B4-D6D98EC22E55}.Debug|Any CPU.Build.0 = Debug|Any CPU
		{78EA21C8-C901-44BA-A6B4-D6D98EC22E55}.Release|Any CPU.ActiveCfg = Release|Any CPU
		{78EA21C8-C901-44BA-A6B4-D6D98EC22E55}.Release|Any CPU.Build.0 = Release|Any CPU
		{E6532678-1273-461D-8705-ADB66D9656A4}.Debug|Any CPU.ActiveCfg = Debug|Any CPU
		{E6532678-1273-461D-8705-ADB66D9656A4}.Debug|Any CPU.Build.0 = Debug|Any CPU
		{E6532678-1273-461D-8705-ADB66D9656A4}.Release|Any CPU.ActiveCfg = Release|Any CPU
		{E6532678-1273-461D-8705-ADB66D9656A4}.Release|Any CPU.Build.0 = Release|Any CPU
		{DF11FC57-7635-42F7-BD80-0BCD9D5C760C}.Debug|Any CPU.ActiveCfg = Debug|Any CPU
		{DF11FC57-7635-42F7-BD80-0BCD9D5C760C}.Debug|Any CPU.Build.0 = Debug|Any CPU
		{DF11FC57-7635-42F7-BD80-0BCD9D5C760C}.Release|Any CPU.ActiveCfg = Release|Any CPU
		{DF11FC57-7635-42F7-BD80-0BCD9D5C760C}.Release|Any CPU.Build.0 = Release|Any CPU
		{6FE03A2A-BFA1-4B8A-A7E7-A0908B2172FD}.Debug|Any CPU.ActiveCfg = Debug|Any CPU
		{6FE03A2A-BFA1-4B8A-A7E7-A0908B2172FD}.Debug|Any CPU.Build.0 = Debug|Any CPU
		{6FE03A2A-BFA1-4B8A-A7E7-A0908B2172FD}.Release|Any CPU.ActiveCfg = Release|Any CPU
		{6FE03A2A-BFA1-4B8A-A7E7-A0908B2172FD}.Release|Any CPU.Build.0 = Release|Any CPU
		{B883C2E4-28D0-4AA4-8D07-1A44958766C1}.Debug|Any CPU.ActiveCfg = Debug|Any CPU
		{B883C2E4-28D0-4AA4-8D07-1A44958766C1}.Debug|Any CPU.Build.0 = Debug|Any CPU
		{B883C2E4-28D0-4AA4-8D07-1A44958766C1}.Release|Any CPU.ActiveCfg = Release|Any CPU
		{B883C2E4-28D0-4AA4-8D07-1A44958766C1}.Release|Any CPU.Build.0 = Release|Any CPU
		{CA25F70F-6704-4348-A543-93B01277FAEB}.Debug|Any CPU.ActiveCfg = Debug|Any CPU
		{CA25F70F-6704-4348-A543-93B01277FAEB}.Debug|Any CPU.Build.0 = Debug|Any CPU
		{CA25F70F-6704-4348-A543-93B01277FAEB}.Release|Any CPU.ActiveCfg = Release|Any CPU
		{CA25F70F-6704-4348-A543-93B01277FAEB}.Release|Any CPU.Build.0 = Release|Any CPU
		{F4E11C78-D407-40C7-91E5-8660AE8984D6}.Debug|Any CPU.ActiveCfg = Debug|Any CPU
		{F4E11C78-D407-40C7-91E5-8660AE8984D6}.Debug|Any CPU.Build.0 = Debug|Any CPU
		{F4E11C78-D407-40C7-91E5-8660AE8984D6}.Release|Any CPU.ActiveCfg = Release|Any CPU
		{F4E11C78-D407-40C7-91E5-8660AE8984D6}.Release|Any CPU.Build.0 = Release|Any CPU
		{FAFE97CD-08AB-4924-BE63-109C53824896}.Debug|Any CPU.ActiveCfg = Debug|Any CPU
		{FAFE97CD-08AB-4924-BE63-109C53824896}.Debug|Any CPU.Build.0 = Debug|Any CPU
		{FAFE97CD-08AB-4924-BE63-109C53824896}.Release|Any CPU.ActiveCfg = Release|Any CPU
		{FAFE97CD-08AB-4924-BE63-109C53824896}.Release|Any CPU.Build.0 = Release|Any CPU
		{AF32AFF6-383C-4056-9640-6F9F372E56AA}.Debug|Any CPU.ActiveCfg = Debug|Any CPU
		{AF32AFF6-383C-4056-9640-6F9F372E56AA}.Debug|Any CPU.Build.0 = Debug|Any CPU
		{AF32AFF6-383C-4056-9640-6F9F372E56AA}.Release|Any CPU.ActiveCfg = Release|Any CPU
		{AF32AFF6-383C-4056-9640-6F9F372E56AA}.Release|Any CPU.Build.0 = Release|Any CPU
		{E2E54705-CAB0-4529-8017-69C8B1F3CADF}.Debug|Any CPU.ActiveCfg = Debug|Any CPU
		{E2E54705-CAB0-4529-8017-69C8B1F3CADF}.Debug|Any CPU.Build.0 = Debug|Any CPU
		{E2E54705-CAB0-4529-8017-69C8B1F3CADF}.Release|Any CPU.ActiveCfg = Release|Any CPU
		{E2E54705-CAB0-4529-8017-69C8B1F3CADF}.Release|Any CPU.Build.0 = Release|Any CPU
		{42A3E888-5840-4947-BD1D-4ED291DA168F}.Debug|Any CPU.ActiveCfg = Debug|Any CPU
		{42A3E888-5840-4947-BD1D-4ED291DA168F}.Debug|Any CPU.Build.0 = Debug|Any CPU
		{42A3E888-5840-4947-BD1D-4ED291DA168F}.Release|Any CPU.ActiveCfg = Release|Any CPU
		{42A3E888-5840-4947-BD1D-4ED291DA168F}.Release|Any CPU.Build.0 = Release|Any CPU
		{80738777-18FF-43B7-BD90-7A78F3BEB440}.Debug|Any CPU.ActiveCfg = Debug|Any CPU
		{80738777-18FF-43B7-BD90-7A78F3BEB440}.Debug|Any CPU.Build.0 = Debug|Any CPU
		{80738777-18FF-43B7-BD90-7A78F3BEB440}.Release|Any CPU.ActiveCfg = Release|Any CPU
		{80738777-18FF-43B7-BD90-7A78F3BEB440}.Release|Any CPU.Build.0 = Release|Any CPU
		{B22FAC6B-802C-4A77-9F36-F6F97EB885DB}.Debug|Any CPU.ActiveCfg = Debug|Any CPU
		{B22FAC6B-802C-4A77-9F36-F6F97EB885DB}.Debug|Any CPU.Build.0 = Debug|Any CPU
		{B22FAC6B-802C-4A77-9F36-F6F97EB885DB}.Release|Any CPU.ActiveCfg = Release|Any CPU
		{B22FAC6B-802C-4A77-9F36-F6F97EB885DB}.Release|Any CPU.Build.0 = Release|Any CPU
		{347C6306-49E1-4B61-8E79-30F9DED24D19}.Debug|Any CPU.ActiveCfg = Debug|Any CPU
		{347C6306-49E1-4B61-8E79-30F9DED24D19}.Debug|Any CPU.Build.0 = Debug|Any CPU
		{347C6306-49E1-4B61-8E79-30F9DED24D19}.Release|Any CPU.ActiveCfg = Release|Any CPU
		{347C6306-49E1-4B61-8E79-30F9DED24D19}.Release|Any CPU.Build.0 = Release|Any CPU
		{7E7F6836-1ECC-4FB7-879C-3108810E1134}.Debug|Any CPU.ActiveCfg = Debug|Any CPU
		{7E7F6836-1ECC-4FB7-879C-3108810E1134}.Debug|Any CPU.Build.0 = Debug|Any CPU
		{7E7F6836-1ECC-4FB7-879C-3108810E1134}.Release|Any CPU.ActiveCfg = Release|Any CPU
		{7E7F6836-1ECC-4FB7-879C-3108810E1134}.Release|Any CPU.Build.0 = Release|Any CPU
	EndGlobalSection
	GlobalSection(SolutionProperties) = preSolution
		HideSolutionNode = FALSE
	EndGlobalSection
	GlobalSection(NestedProjects) = preSolution
		{D109ED8C-6435-4AEE-AC21-76307D35FFB7} = {F4301033-3F75-44DE-B47D-EC3356184BF1}
		{FD266A31-717B-443F-AB74-83CA0A3D2C3A} = {D109ED8C-6435-4AEE-AC21-76307D35FFB7}
		{0BDEC6B5-5C30-41C8-A291-522E38BCA65B} = {F4301033-3F75-44DE-B47D-EC3356184BF1}
	EndGlobalSection
	GlobalSection(ExtensibilityGlobals) = postSolution
		SolutionGuid = {C4F15B82-6F63-48A3-81A0-FEA1CC77C50F}
	EndGlobalSection
EndGlobal
